
Microsoft Visual Studio Solution File, Format Version 12.00
# Visual Studio Version 17
VisualStudioVersion = 17.0.31903.59
MinimumVisualStudioVersion = 10.0.40219.1
Project("{2150E333-8FDC-42A3-9474-1A3956D46DE8}") = "draft", "draft", "{CB66F313-F5AE-97BE-01FE-411DFAD7F81E}"
EndProject
Project("{2150E333-8FDC-42A3-9474-1A3956D46DE8}") = "Entities", "Entities", "{C8C261DC-4CDE-0850-1185-F8E0E3D09A7E}"
EndProject
Project("{2150E333-8FDC-42A3-9474-1A3956D46DE8}") = "Assessment", "Assessment", "{675F5719-A826-2EAC-5893-B54E94F7247F}"
EndProject
Project("{FAE04EC0-301F-11D3-BF4B-00C04F79EFBC}") = "AssessmentEntity", "draft\Entities\Assessment\AssessmentEntity\AssessmentEntity.csproj", "{E8028327-226D-45D4-BDFD-675170BB7F8A}"
EndProject
Project("{2150E333-8FDC-42A3-9474-1A3956D46DE8}") = "AssessmentIntelligenceEntity", "AssessmentIntelligenceEntity", "{F7CD4753-714C-463B-82BC-4BC73902BA19}"
EndProject
Project("{FAE04EC0-301F-11D3-BF4B-00C04F79EFBC}") = "AssessmentIntelligenceEntity", "draft\Entities\AssessmentIntelligenceEntity\AssessmentIntelligenceEntity\AssessmentIntelligenceEntity.csproj", "{94513041-8B22-499D-AE8D-AB1837CD5639}"
EndProject
Project("{2150E333-8FDC-42A3-9474-1A3956D46DE8}") = "CandidateAnswerEntity", "CandidateAnswerEntity", "{EA638CEF-2699-FF9C-5389-A0E21518DCD8}"
EndProject
Project("{FAE04EC0-301F-11D3-BF4B-00C04F79EFBC}") = "CandidateAnswerEntity", "draft\Entities\CandidateAnswerEntity\CandidateAnswerEntity\CandidateAnswerEntity.csproj", "{3947373E-D689-4217-8BE0-7447AC47998B}"
EndProject
Project("{2150E333-8FDC-42A3-9474-1A3956D46DE8}") = "EvaluationCriteriaEntity", "EvaluationCriteriaEntity", "{8E46D328-C544-8FB3-168C-E545E5E67BA0}"
EndProject
Project("{FAE04EC0-301F-11D3-BF4B-00C04F79EFBC}") = "EvaluationCriteriaEntity", "draft\Entities\EvaluationCriteriaEntity\EvaluationCriteriaEntity\EvaluationCriteriaEntity.csproj", "{A530E785-A3D0-4DB0-82C1-4F5F1B13A03D}"
EndProject
Project("{2150E333-8FDC-42A3-9474-1A3956D46DE8}") = "InterviewEntity", "InterviewEntity", "{4F233855-760F-DA26-AA85-BAD998EBBC0D}"
EndProject
Project("{FAE04EC0-301F-11D3-BF4B-00C04F79EFBC}") = "InterviewEntity", "draft\Entities\InterviewEntity\InterviewEntity\InterviewEntity.csproj", "{F787F4E0-94A3-47E7-9DB6-C86923F75579}"
EndProject
Project("{2150E333-8FDC-42A3-9474-1A3956D46DE8}") = "QuestionBankEntity", "QuestionBankEntity", "{BE0DE261-DDE3-C219-8EC0-ED068143BD75}"
EndProject
Project("{FAE04EC0-301F-11D3-BF4B-00C04F79EFBC}") = "QuestionBankEntity", "draft\Entities\QuestionBankEntity\QuestionBankEntity\QuestionBankEntity.csproj", "{A0AA1A6C-D880-469D-81C8-F65EC31F120B}"
EndProject
Project("{2150E333-8FDC-42A3-9474-1A3956D46DE8}") = "ResultEntity", "ResultEntity", "{6AED618B-B268-1FDB-F081-99762AC3FA5E}"
EndProject
Project("{FAE04EC0-301F-11D3-BF4B-00C04F79EFBC}") = "ResultEntity", "draft\Entities\ResultEntity\ResultEntity\ResultEntity.csproj", "{1BFF9A49-987F-409F-807E-F2A79C5F806F}"
EndProject
Global
	GlobalSection(SolutionConfigurationPlatforms) = preSolution
		Debug|Any CPU = Debug|Any CPU
		Debug|x64 = Debug|x64
		Debug|x86 = Debug|x86
		Release|Any CPU = Release|Any CPU
		Release|x64 = Release|x64
		Release|x86 = Release|x86
	EndGlobalSection
	GlobalSection(ProjectConfigurationPlatforms) = postSolution
		{E8028327-226D-45D4-BDFD-675170BB7F8A}.Debug|Any CPU.ActiveCfg = Debug|Any CPU
		{E8028327-226D-45D4-BDFD-675170BB7F8A}.Debug|Any CPU.Build.0 = Debug|Any CPU
		{E8028327-226D-45D4-BDFD-675170BB7F8A}.Debug|x64.ActiveCfg = Debug|Any CPU
		{E8028327-226D-45D4-BDFD-675170BB7F8A}.Debug|x64.Build.0 = Debug|Any CPU
		{E8028327-226D-45D4-BDFD-675170BB7F8A}.Debug|x86.ActiveCfg = Debug|Any CPU
		{E8028327-226D-45D4-BDFD-675170BB7F8A}.Debug|x86.Build.0 = Debug|Any CPU
		{E8028327-226D-45D4-BDFD-675170BB7F8A}.Release|Any CPU.ActiveCfg = Release|Any CPU
		{E8028327-226D-45D4-BDFD-675170BB7F8A}.Release|Any CPU.Build.0 = Release|Any CPU
		{E8028327-226D-45D4-BDFD-675170BB7F8A}.Release|x64.ActiveCfg = Release|Any CPU
		{E8028327-226D-45D4-BDFD-675170BB7F8A}.Release|x64.Build.0 = Release|Any CPU
		{E8028327-226D-45D4-BDFD-675170BB7F8A}.Release|x86.ActiveCfg = Release|Any CPU
		{E8028327-226D-45D4-BDFD-675170BB7F8A}.Release|x86.Build.0 = Release|Any CPU
		{94513041-8B22-499D-AE8D-AB1837CD5639}.Debug|Any CPU.ActiveCfg = Debug|Any CPU
		{94513041-8B22-499D-AE8D-AB1837CD5639}.Debug|Any CPU.Build.0 = Debug|Any CPU
		{94513041-8B22-499D-AE8D-AB1837CD5639}.Debug|x64.ActiveCfg = Debug|Any CPU
		{94513041-8B22-499D-AE8D-AB1837CD5639}.Debug|x64.Build.0 = Debug|Any CPU
		{94513041-8B22-499D-AE8D-AB1837CD5639}.Debug|x86.ActiveCfg = Debug|Any CPU
		{94513041-8B22-499D-AE8D-AB1837CD5639}.Debug|x86.Build.0 = Debug|Any CPU
		{94513041-8B22-499D-AE8D-AB1837CD5639}.Release|Any CPU.ActiveCfg = Release|Any CPU
		{94513041-8B22-499D-AE8D-AB1837CD5639}.Release|Any CPU.Build.0 = Release|Any CPU
		{94513041-8B22-499D-AE8D-AB1837CD5639}.Release|x64.ActiveCfg = Release|Any CPU
		{94513041-8B22-499D-AE8D-AB1837CD5639}.Release|x64.Build.0 = Release|Any CPU
		{94513041-8B22-499D-AE8D-AB1837CD5639}.Release|x86.ActiveCfg = Release|Any CPU
		{94513041-8B22-499D-AE8D-AB1837CD5639}.Release|x86.Build.0 = Release|Any CPU
		{3947373E-D689-4217-8BE0-7447AC47998B}.Debug|Any CPU.ActiveCfg = Debug|Any CPU
		{3947373E-D689-4217-8BE0-7447AC47998B}.Debug|Any CPU.Build.0 = Debug|Any CPU
		{3947373E-D689-4217-8BE0-7447AC47998B}.Debug|x64.ActiveCfg = Debug|Any CPU
		{3947373E-D689-4217-8BE0-7447AC47998B}.Debug|x64.Build.0 = Debug|Any CPU
		{3947373E-D689-4217-8BE0-7447AC47998B}.Debug|x86.ActiveCfg = Debug|Any CPU
		{3947373E-D689-4217-8BE0-7447AC47998B}.Debug|x86.Build.0 = Debug|Any CPU
		{3947373E-D689-4217-8BE0-7447AC47998B}.Release|Any CPU.ActiveCfg = Release|Any CPU
		{3947373E-D689-4217-8BE0-7447AC47998B}.Release|Any CPU.Build.0 = Release|Any CPU
		{3947373E-D689-4217-8BE0-7447AC47998B}.Release|x64.ActiveCfg = Release|Any CPU
		{3947373E-D689-4217-8BE0-7447AC47998B}.Release|x64.Build.0 = Release|Any CPU
		{3947373E-D689-4217-8BE0-7447AC47998B}.Release|x86.ActiveCfg = Release|Any CPU
		{3947373E-D689-4217-8BE0-7447AC47998B}.Release|x86.Build.0 = Release|Any CPU
		{A530E785-A3D0-4DB0-82C1-4F5F1B13A03D}.Debug|Any CPU.ActiveCfg = Debug|Any CPU
		{A530E785-A3D0-4DB0-82C1-4F5F1B13A03D}.Debug|Any CPU.Build.0 = Debug|Any CPU
		{A530E785-A3D0-4DB0-82C1-4F5F1B13A03D}.Debug|x64.ActiveCfg = Debug|Any CPU
		{A530E785-A3D0-4DB0-82C1-4F5F1B13A03D}.Debug|x64.Build.0 = Debug|Any CPU
		{A530E785-A3D0-4DB0-82C1-4F5F1B13A03D}.Debug|x86.ActiveCfg = Debug|Any CPU
		{A530E785-A3D0-4DB0-82C1-4F5F1B13A03D}.Debug|x86.Build.0 = Debug|Any CPU
		{A530E785-A3D0-4DB0-82C1-4F5F1B13A03D}.Release|Any CPU.ActiveCfg = Release|Any CPU
		{A530E785-A3D0-4DB0-82C1-4F5F1B13A03D}.Release|Any CPU.Build.0 = Release|Any CPU
		{A530E785-A3D0-4DB0-82C1-4F5F1B13A03D}.Release|x64.ActiveCfg = Release|Any CPU
		{A530E785-A3D0-4DB0-82C1-4F5F1B13A03D}.Release|x64.Build.0 = Release|Any CPU
		{A530E785-A3D0-4DB0-82C1-4F5F1B13A03D}.Release|x86.ActiveCfg = Release|Any CPU
		{A530E785-A3D0-4DB0-82C1-4F5F1B13A03D}.Release|x86.Build.0 = Release|Any CPU
		{F787F4E0-94A3-47E7-9DB6-C86923F75579}.Debug|Any CPU.ActiveCfg = Debug|Any CPU
		{F787F4E0-94A3-47E7-9DB6-C86923F75579}.Debug|Any CPU.Build.0 = Debug|Any CPU
		{F787F4E0-94A3-47E7-9DB6-C86923F75579}.Debug|x64.ActiveCfg = Debug|Any CPU
		{F787F4E0-94A3-47E7-9DB6-C86923F75579}.Debug|x64.Build.0 = Debug|Any CPU
		{F787F4E0-94A3-47E7-9DB6-C86923F75579}.Debug|x86.ActiveCfg = Debug|Any CPU
		{F787F4E0-94A3-47E7-9DB6-C86923F75579}.Debug|x86.Build.0 = Debug|Any CPU
		{F787F4E0-94A3-47E7-9DB6-C86923F75579}.Release|Any CPU.ActiveCfg = Release|Any CPU
		{F787F4E0-94A3-47E7-9DB6-C86923F75579}.Release|Any CPU.Build.0 = Release|Any CPU
		{F787F4E0-94A3-47E7-9DB6-C86923F75579}.Release|x64.ActiveCfg = Release|Any CPU
		{F787F4E0-94A3-47E7-9DB6-C86923F75579}.Release|x64.Build.0 = Release|Any CPU
		{F787F4E0-94A3-47E7-9DB6-C86923F75579}.Release|x86.ActiveCfg = Release|Any CPU
		{F787F4E0-94A3-47E7-9DB6-C86923F75579}.Release|x86.Build.0 = Release|Any CPU
		{A0AA1A6C-D880-469D-81C8-F65EC31F120B}.Debug|Any CPU.ActiveCfg = Debug|Any CPU
		{A0AA1A6C-D880-469D-81C8-F65EC31F120B}.Debug|Any CPU.Build.0 = Debug|Any CPU
		{A0AA1A6C-D880-469D-81C8-F65EC31F120B}.Debug|x64.ActiveCfg = Debug|Any CPU
		{A0AA1A6C-D880-469D-81C8-F65EC31F120B}.Debug|x64.Build.0 = Debug|Any CPU
		{A0AA1A6C-D880-469D-81C8-F65EC31F120B}.Debug|x86.ActiveCfg = Debug|Any CPU
		{A0AA1A6C-D880-469D-81C8-F65EC31F120B}.Debug|x86.Build.0 = Debug|Any CPU
		{A0AA1A6C-D880-469D-81C8-F65EC31F120B}.Release|Any CPU.ActiveCfg = Release|Any CPU
		{A0AA1A6C-D880-469D-81C8-F65EC31F120B}.Release|Any CPU.Build.0 = Release|Any CPU
		{A0AA1A6C-D880-469D-81C8-F65EC31F120B}.Release|x64.ActiveCfg = Release|Any CPU
		{A0AA1A6C-D880-469D-81C8-F65EC31F120B}.Release|x64.Build.0 = Release|Any CPU
		{A0AA1A6C-D880-469D-81C8-F65EC31F120B}.Release|x86.ActiveCfg = Release|Any CPU
		{A0AA1A6C-D880-469D-81C8-F65EC31F120B}.Release|x86.Build.0 = Release|Any CPU
		{1BFF9A49-987F-409F-807E-F2A79C5F806F}.Debug|Any CPU.ActiveCfg = Debug|Any CPU
		{1BFF9A49-987F-409F-807E-F2A79C5F806F}.Debug|Any CPU.Build.0 = Debug|Any CPU
		{1BFF9A49-987F-409F-807E-F2A79C5F806F}.Debug|x64.ActiveCfg = Debug|Any CPU
		{1BFF9A49-987F-409F-807E-F2A79C5F806F}.Debug|x64.Build.0 = Debug|Any CPU
		{1BFF9A49-987F-409F-807E-F2A79C5F806F}.Debug|x86.ActiveCfg = Debug|Any CPU
		{1BFF9A49-987F-409F-807E-F2A79C5F806F}.Debug|x86.Build.0 = Debug|Any CPU
		{1BFF9A49-987F-409F-807E-F2A79C5F806F}.Release|Any CPU.ActiveCfg = Release|Any CPU
		{1BFF9A49-987F-409F-807E-F2A79C5F806F}.Release|Any CPU.Build.0 = Release|Any CPU
		{1BFF9A49-987F-409F-807E-F2A79C5F806F}.Release|x64.ActiveCfg = Release|Any CPU
		{1BFF9A49-987F-409F-807E-F2A79C5F806F}.Release|x64.Build.0 = Release|Any CPU
		{1BFF9A49-987F-409F-807E-F2A79C5F806F}.Release|x86.ActiveCfg = Release|Any CPU
		{1BFF9A49-987F-409F-807E-F2A79C5F806F}.Release|x86.Build.0 = Release|Any CPU
	EndGlobalSection
	GlobalSection(SolutionProperties) = preSolution
		HideSolutionNode = FALSE
	EndGlobalSection
	GlobalSection(NestedProjects) = preSolution
		{C8C261DC-4CDE-0850-1185-F8E0E3D09A7E} = {CB66F313-F5AE-97BE-01FE-411DFAD7F81E}
		{675F5719-A826-2EAC-5893-B54E94F7247F} = {C8C261DC-4CDE-0850-1185-F8E0E3D09A7E}
		{E8028327-226D-45D4-BDFD-675170BB7F8A} = {675F5719-A826-2EAC-5893-B54E94F7247F}
		{F7CD4753-714C-463B-82BC-4BC73902BA19} = {C8C261DC-4CDE-0850-1185-F8E0E3D09A7E}
		{94513041-8B22-499D-AE8D-AB1837CD5639} = {F7CD4753-714C-463B-82BC-4BC73902BA19}
		{EA638CEF-2699-FF9C-5389-A0E21518DCD8} = {C8C261DC-4CDE-0850-1185-F8E0E3D09A7E}
		{3947373E-D689-4217-8BE0-7447AC47998B} = {EA638CEF-2699-FF9C-5389-A0E21518DCD8}
		{8E46D328-C544-8FB3-168C-E545E5E67BA0} = {C8C261DC-4CDE-0850-1185-F8E0E3D09A7E}
		{A530E785-A3D0-4DB0-82C1-4F5F1B13A03D} = {8E46D328-C544-8FB3-168C-E545E5E67BA0}
		{4F233855-760F-DA26-AA85-BAD998EBBC0D} = {C8C261DC-4CDE-0850-1185-F8E0E3D09A7E}
		{F787F4E0-94A3-47E7-9DB6-C86923F75579} = {4F233855-760F-DA26-AA85-BAD998EBBC0D}
		{BE0DE261-DDE3-C219-8EC0-ED068143BD75} = {C8C261DC-4CDE-0850-1185-F8E0E3D09A7E}
		{A0AA1A6C-D880-469D-81C8-F65EC31F120B} = {BE0DE261-DDE3-C219-8EC0-ED068143BD75}
		{6AED618B-B268-1FDB-F081-99762AC3FA5E} = {C8C261DC-4CDE-0850-1185-F8E0E3D09A7E}
		{1BFF9A49-987F-409F-807E-F2A79C5F806F} = {6AED618B-B268-1FDB-F081-99762AC3FA5E}
	EndGlobalSection
EndGlobal
